// !$*UTF8*$!
{
	archiveVersion = 1;
	classes = {
	};
	objectVersion = 51;
	objects = {

/* Begin PBXBuildFile section */
		1AD52F606FD98C4412A0ECB8 /* Pods_ParstagramTests.framework in Frameworks */ = {isa = PBXBuildFile; fileRef = F559114EA5F59396DADA577D /* Pods_ParstagramTests.framework */; };
		1E15DA8E0CD448F11287AE5C /* Pods_Parstagram_ParstagramUITests.framework in Frameworks */ = {isa = PBXBuildFile; fileRef = 869F76EE39C6034E9D6036CA /* Pods_Parstagram_ParstagramUITests.framework */; };
		4CF4C46C9CC56B2142CFBBA7 /* Pods_Parstagram.framework in Frameworks */ = {isa = PBXBuildFile; fileRef = F3445DC8F1BAB68039D0681A /* Pods_Parstagram.framework */; };
		5A2499F72605789D003E5668 /* PostCell.swift in Sources */ = {isa = PBXBuildFile; fileRef = 5A2499F62605789D003E5668 /* PostCell.swift */; };
		5A9D6F5025FFBCB800D775C7 /* AppDelegate.swift in Sources */ = {isa = PBXBuildFile; fileRef = 5A9D6F4F25FFBCB800D775C7 /* AppDelegate.swift */; };
		5A9D6F5225FFBCB800D775C7 /* SceneDelegate.swift in Sources */ = {isa = PBXBuildFile; fileRef = 5A9D6F5125FFBCB800D775C7 /* SceneDelegate.swift */; };
		5A9D6F5725FFBCB800D775C7 /* Main.storyboard in Resources */ = {isa = PBXBuildFile; fileRef = 5A9D6F5525FFBCB800D775C7 /* Main.storyboard */; };
		5A9D6F5925FFBCBA00D775C7 /* Assets.xcassets in Resources */ = {isa = PBXBuildFile; fileRef = 5A9D6F5825FFBCBA00D775C7 /* Assets.xcassets */; };
		5A9D6F5C25FFBCBA00D775C7 /* LaunchScreen.storyboard in Resources */ = {isa = PBXBuildFile; fileRef = 5A9D6F5A25FFBCBA00D775C7 /* LaunchScreen.storyboard */; };
		5A9D6F6725FFBCBA00D775C7 /* ParstagramTests.swift in Sources */ = {isa = PBXBuildFile; fileRef = 5A9D6F6625FFBCBA00D775C7 /* ParstagramTests.swift */; };
		5A9D6F7225FFBCBA00D775C7 /* ParstagramUITests.swift in Sources */ = {isa = PBXBuildFile; fileRef = 5A9D6F7125FFBCBA00D775C7 /* ParstagramUITests.swift */; };
		5A9D6F9D25FFC0C000D775C7 /* FeedViewController.swift in Sources */ = {isa = PBXBuildFile; fileRef = 5A9D6F9C25FFC0C000D775C7 /* FeedViewController.swift */; };
		5A9D6FA525FFC0D300D775C7 /* LoginViewController.swift in Sources */ = {isa = PBXBuildFile; fileRef = 5A9D6FA425FFC0D300D775C7 /* LoginViewController.swift */; };
		5A9D6FAA25FFD15C00D775C7 /* CameraViewController.swift in Sources */ = {isa = PBXBuildFile; fileRef = 5A9D6FA925FFD15C00D775C7 /* CameraViewController.swift */; };
/* End PBXBuildFile section */

/* Begin PBXContainerItemProxy section */
		5A9D6F6325FFBCBA00D775C7 /* PBXContainerItemProxy */ = {
			isa = PBXContainerItemProxy;
			containerPortal = 5A9D6F4425FFBCB800D775C7 /* Project object */;
			proxyType = 1;
			remoteGlobalIDString = 5A9D6F4B25FFBCB800D775C7;
			remoteInfo = Parstagram;
		};
		5A9D6F6E25FFBCBA00D775C7 /* PBXContainerItemProxy */ = {
			isa = PBXContainerItemProxy;
			containerPortal = 5A9D6F4425FFBCB800D775C7 /* Project object */;
			proxyType = 1;
			remoteGlobalIDString = 5A9D6F4B25FFBCB800D775C7;
			remoteInfo = Parstagram;
		};
/* End PBXContainerItemProxy section */

/* Begin PBXFileReference section */
		2220BACF82F12CEAB414DB5F /* Pods-Parstagram-ParstagramUITests.debug.xcconfig */ = {isa = PBXFileReference; includeInIndex = 1; lastKnownFileType = text.xcconfig; name = "Pods-Parstagram-ParstagramUITests.debug.xcconfig"; path = "Target Support Files/Pods-Parstagram-ParstagramUITests/Pods-Parstagram-ParstagramUITests.debug.xcconfig"; sourceTree = "<group>"; };
		55356DF1486C4EE2F396C234 /* Pods-ParstagramTests.release.xcconfig */ = {isa = PBXFileReference; includeInIndex = 1; lastKnownFileType = text.xcconfig; name = "Pods-ParstagramTests.release.xcconfig"; path = "Target Support Files/Pods-ParstagramTests/Pods-ParstagramTests.release.xcconfig"; sourceTree = "<group>"; };
		5A2499F62605789D003E5668 /* PostCell.swift */ = {isa = PBXFileReference; lastKnownFileType = sourcecode.swift; path = PostCell.swift; sourceTree = "<group>"; };
		5A9D6F4C25FFBCB800D775C7 /* Parstagram.app */ = {isa = PBXFileReference; explicitFileType = wrapper.application; includeInIndex = 0; path = Parstagram.app; sourceTree = BUILT_PRODUCTS_DIR; };
		5A9D6F4F25FFBCB800D775C7 /* AppDelegate.swift */ = {isa = PBXFileReference; lastKnownFileType = sourcecode.swift; path = AppDelegate.swift; sourceTree = "<group>"; };
		5A9D6F5125FFBCB800D775C7 /* SceneDelegate.swift */ = {isa = PBXFileReference; lastKnownFileType = sourcecode.swift; path = SceneDelegate.swift; sourceTree = "<group>"; };
		5A9D6F5625FFBCB800D775C7 /* Base */ = {isa = PBXFileReference; lastKnownFileType = file.storyboard; name = Base; path = Base.lproj/Main.storyboard; sourceTree = "<group>"; };
		5A9D6F5825FFBCBA00D775C7 /* Assets.xcassets */ = {isa = PBXFileReference; lastKnownFileType = folder.assetcatalog; name = Assets.xcassets; path = /Users/ugurcandemir/Desktop/Swift/Parstagram/Parstagram/Assets.xcassets; sourceTree = "<absolute>"; };
		5A9D6F5B25FFBCBA00D775C7 /* Base */ = {isa = PBXFileReference; lastKnownFileType = file.storyboard; name = Base; path = Base.lproj/LaunchScreen.storyboard; sourceTree = "<group>"; };
		5A9D6F5D25FFBCBA00D775C7 /* Info.plist */ = {isa = PBXFileReference; lastKnownFileType = text.plist.xml; path = Info.plist; sourceTree = "<group>"; };
		5A9D6F6225FFBCBA00D775C7 /* ParstagramTests.xctest */ = {isa = PBXFileReference; explicitFileType = wrapper.cfbundle; includeInIndex = 0; path = ParstagramTests.xctest; sourceTree = BUILT_PRODUCTS_DIR; };
		5A9D6F6625FFBCBA00D775C7 /* ParstagramTests.swift */ = {isa = PBXFileReference; lastKnownFileType = sourcecode.swift; path = ParstagramTests.swift; sourceTree = "<group>"; };
		5A9D6F6825FFBCBA00D775C7 /* Info.plist */ = {isa = PBXFileReference; lastKnownFileType = text.plist.xml; path = Info.plist; sourceTree = "<group>"; };
		5A9D6F6D25FFBCBA00D775C7 /* ParstagramUITests.xctest */ = {isa = PBXFileReference; explicitFileType = wrapper.cfbundle; includeInIndex = 0; path = ParstagramUITests.xctest; sourceTree = BUILT_PRODUCTS_DIR; };
		5A9D6F7125FFBCBA00D775C7 /* ParstagramUITests.swift */ = {isa = PBXFileReference; lastKnownFileType = sourcecode.swift; path = ParstagramUITests.swift; sourceTree = "<group>"; };
		5A9D6F7325FFBCBA00D775C7 /* Info.plist */ = {isa = PBXFileReference; lastKnownFileType = text.plist.xml; path = Info.plist; sourceTree = "<group>"; };
		5A9D6F9C25FFC0C000D775C7 /* FeedViewController.swift */ = {isa = PBXFileReference; lastKnownFileType = sourcecode.swift; path = FeedViewController.swift; sourceTree = "<group>"; };
		5A9D6FA425FFC0D300D775C7 /* LoginViewController.swift */ = {isa = PBXFileReference; lastKnownFileType = sourcecode.swift; path = LoginViewController.swift; sourceTree = "<group>"; };
		5A9D6FA925FFD15C00D775C7 /* CameraViewController.swift */ = {isa = PBXFileReference; lastKnownFileType = sourcecode.swift; path = CameraViewController.swift; sourceTree = "<group>"; };
		7C39A7BD9E65DF3EF95F3F2E /* Pods-Parstagram.debug.xcconfig */ = {isa = PBXFileReference; includeInIndex = 1; lastKnownFileType = text.xcconfig; name = "Pods-Parstagram.debug.xcconfig"; path = "Target Support Files/Pods-Parstagram/Pods-Parstagram.debug.xcconfig"; sourceTree = "<group>"; };
		7E64DB9DBC3117ED26B62963 /* Pods-ParstagramTests.debug.xcconfig */ = {isa = PBXFileReference; includeInIndex = 1; lastKnownFileType = text.xcconfig; name = "Pods-ParstagramTests.debug.xcconfig"; path = "Target Support Files/Pods-ParstagramTests/Pods-ParstagramTests.debug.xcconfig"; sourceTree = "<group>"; };
		869F76EE39C6034E9D6036CA /* Pods_Parstagram_ParstagramUITests.framework */ = {isa = PBXFileReference; explicitFileType = wrapper.framework; includeInIndex = 0; path = Pods_Parstagram_ParstagramUITests.framework; sourceTree = BUILT_PRODUCTS_DIR; };
		8E7786E74AFD8C995229CC80 /* Pods-Parstagram-ParstagramUITests.release.xcconfig */ = {isa = PBXFileReference; includeInIndex = 1; lastKnownFileType = text.xcconfig; name = "Pods-Parstagram-ParstagramUITests.release.xcconfig"; path = "Target Support Files/Pods-Parstagram-ParstagramUITests/Pods-Parstagram-ParstagramUITests.release.xcconfig"; sourceTree = "<group>"; };
		D24C7F45B8626A22D83B7308 /* Pods-Parstagram.release.xcconfig */ = {isa = PBXFileReference; includeInIndex = 1; lastKnownFileType = text.xcconfig; name = "Pods-Parstagram.release.xcconfig"; path = "Target Support Files/Pods-Parstagram/Pods-Parstagram.release.xcconfig"; sourceTree = "<group>"; };
		F3445DC8F1BAB68039D0681A /* Pods_Parstagram.framework */ = {isa = PBXFileReference; explicitFileType = wrapper.framework; includeInIndex = 0; path = Pods_Parstagram.framework; sourceTree = BUILT_PRODUCTS_DIR; };
		F559114EA5F59396DADA577D /* Pods_ParstagramTests.framework */ = {isa = PBXFileReference; explicitFileType = wrapper.framework; includeInIndex = 0; path = Pods_ParstagramTests.framework; sourceTree = BUILT_PRODUCTS_DIR; };
/* End PBXFileReference section */

/* Begin PBXFrameworksBuildPhase section */
		5A9D6F4925FFBCB800D775C7 /* Frameworks */ = {
			isa = PBXFrameworksBuildPhase;
			buildActionMask = 2147483647;
			files = (
				4CF4C46C9CC56B2142CFBBA7 /* Pods_Parstagram.framework in Frameworks */,
			);
			runOnlyForDeploymentPostprocessing = 0;
		};
		5A9D6F5F25FFBCBA00D775C7 /* Frameworks */ = {
			isa = PBXFrameworksBuildPhase;
			buildActionMask = 2147483647;
			files = (
				1AD52F606FD98C4412A0ECB8 /* Pods_ParstagramTests.framework in Frameworks */,
			);
			runOnlyForDeploymentPostprocessing = 0;
		};
		5A9D6F6A25FFBCBA00D775C7 /* Frameworks */ = {
			isa = PBXFrameworksBuildPhase;
			buildActionMask = 2147483647;
			files = (
				1E15DA8E0CD448F11287AE5C /* Pods_Parstagram_ParstagramUITests.framework in Frameworks */,
			);
			runOnlyForDeploymentPostprocessing = 0;
		};
/* End PBXFrameworksBuildPhase section */

/* Begin PBXGroup section */
		5A9D6F4325FFBCB800D775C7 = {
			isa = PBXGroup;
			children = (
				5A9D6F4E25FFBCB800D775C7 /* Parstagram */,
				5A9D6F6525FFBCBA00D775C7 /* ParstagramTests */,
				5A9D6F7025FFBCBA00D775C7 /* ParstagramUITests */,
				5A9D6F4D25FFBCB800D775C7 /* Products */,
				B247A5C7EDF954F11D841B87 /* Pods */,
				5CD2DF731CC48021C6EB84D5 /* Frameworks */,
			);
			sourceTree = "<group>";
		};
		5A9D6F4D25FFBCB800D775C7 /* Products */ = {
			isa = PBXGroup;
			children = (
				5A9D6F4C25FFBCB800D775C7 /* Parstagram.app */,
				5A9D6F6225FFBCBA00D775C7 /* ParstagramTests.xctest */,
				5A9D6F6D25FFBCBA00D775C7 /* ParstagramUITests.xctest */,
			);
			name = Products;
			sourceTree = "<group>";
		};
		5A9D6F4E25FFBCB800D775C7 /* Parstagram */ = {
			isa = PBXGroup;
			children = (
				5A9D6F4F25FFBCB800D775C7 /* AppDelegate.swift */,
				5A9D6F5125FFBCB800D775C7 /* SceneDelegate.swift */,
				5A9D6F5525FFBCB800D775C7 /* Main.storyboard */,
				5A9D6F5825FFBCBA00D775C7 /* Assets.xcassets */,
				5A9D6F5A25FFBCBA00D775C7 /* LaunchScreen.storyboard */,
				5A9D6F5D25FFBCBA00D775C7 /* Info.plist */,
				5A9D6F9C25FFC0C000D775C7 /* FeedViewController.swift */,
				5A9D6FA425FFC0D300D775C7 /* LoginViewController.swift */,
				5A9D6FA925FFD15C00D775C7 /* CameraViewController.swift */,
				5A2499F62605789D003E5668 /* PostCell.swift */,
			);
			path = Parstagram;
			sourceTree = "<group>";
		};
		5A9D6F6525FFBCBA00D775C7 /* ParstagramTests */ = {
			isa = PBXGroup;
			children = (
				5A9D6F6625FFBCBA00D775C7 /* ParstagramTests.swift */,
				5A9D6F6825FFBCBA00D775C7 /* Info.plist */,
			);
			path = ParstagramTests;
			sourceTree = "<group>";
		};
		5A9D6F7025FFBCBA00D775C7 /* ParstagramUITests */ = {
			isa = PBXGroup;
			children = (
				5A9D6F7125FFBCBA00D775C7 /* ParstagramUITests.swift */,
				5A9D6F7325FFBCBA00D775C7 /* Info.plist */,
			);
			path = ParstagramUITests;
			sourceTree = "<group>";
		};
		5CD2DF731CC48021C6EB84D5 /* Frameworks */ = {
			isa = PBXGroup;
			children = (
				F3445DC8F1BAB68039D0681A /* Pods_Parstagram.framework */,
				869F76EE39C6034E9D6036CA /* Pods_Parstagram_ParstagramUITests.framework */,
				F559114EA5F59396DADA577D /* Pods_ParstagramTests.framework */,
			);
			name = Frameworks;
			sourceTree = "<group>";
		};
		B247A5C7EDF954F11D841B87 /* Pods */ = {
			isa = PBXGroup;
			children = (
				7C39A7BD9E65DF3EF95F3F2E /* Pods-Parstagram.debug.xcconfig */,
				D24C7F45B8626A22D83B7308 /* Pods-Parstagram.release.xcconfig */,
				2220BACF82F12CEAB414DB5F /* Pods-Parstagram-ParstagramUITests.debug.xcconfig */,
				8E7786E74AFD8C995229CC80 /* Pods-Parstagram-ParstagramUITests.release.xcconfig */,
				7E64DB9DBC3117ED26B62963 /* Pods-ParstagramTests.debug.xcconfig */,
				55356DF1486C4EE2F396C234 /* Pods-ParstagramTests.release.xcconfig */,
			);
			path = Pods;
			sourceTree = "<group>";
		};
/* End PBXGroup section */

/* Begin PBXNativeTarget section */
		5A9D6F4B25FFBCB800D775C7 /* Parstagram */ = {
			isa = PBXNativeTarget;
			buildConfigurationList = 5A9D6F7625FFBCBA00D775C7 /* Build configuration list for PBXNativeTarget "Parstagram" */;
			buildPhases = (
				FE6747121A7489460880C750 /* [CP] Check Pods Manifest.lock */,
				5A9D6F4825FFBCB800D775C7 /* Sources */,
				5A9D6F4925FFBCB800D775C7 /* Frameworks */,
				5A9D6F4A25FFBCB800D775C7 /* Resources */,
				E3521B062AAC1395E79B2212 /* [CP] Embed Pods Frameworks */,
			);
			buildRules = (
			);
			dependencies = (
			);
			name = Parstagram;
			productName = Parstagram;
			productReference = 5A9D6F4C25FFBCB800D775C7 /* Parstagram.app */;
			productType = "com.apple.product-type.application";
		};
		5A9D6F6125FFBCBA00D775C7 /* ParstagramTests */ = {
			isa = PBXNativeTarget;
			buildConfigurationList = 5A9D6F7925FFBCBA00D775C7 /* Build configuration list for PBXNativeTarget "ParstagramTests" */;
			buildPhases = (
				8B64B47439B25788CB7A6695 /* [CP] Check Pods Manifest.lock */,
				5A9D6F5E25FFBCBA00D775C7 /* Sources */,
				5A9D6F5F25FFBCBA00D775C7 /* Frameworks */,
				5A9D6F6025FFBCBA00D775C7 /* Resources */,
			);
			buildRules = (
			);
			dependencies = (
				5A9D6F6425FFBCBA00D775C7 /* PBXTargetDependency */,
			);
			name = ParstagramTests;
			productName = ParstagramTests;
			productReference = 5A9D6F6225FFBCBA00D775C7 /* ParstagramTests.xctest */;
			productType = "com.apple.product-type.bundle.unit-test";
		};
		5A9D6F6C25FFBCBA00D775C7 /* ParstagramUITests */ = {
			isa = PBXNativeTarget;
			buildConfigurationList = 5A9D6F7C25FFBCBA00D775C7 /* Build configuration list for PBXNativeTarget "ParstagramUITests" */;
			buildPhases = (
				A7B1356BD42C90D5FF9A28C5 /* [CP] Check Pods Manifest.lock */,
				5A9D6F6925FFBCBA00D775C7 /* Sources */,
				5A9D6F6A25FFBCBA00D775C7 /* Frameworks */,
				5A9D6F6B25FFBCBA00D775C7 /* Resources */,
				DF0A43C1929623B245DA30C6 /* [CP] Embed Pods Frameworks */,
			);
			buildRules = (
			);
			dependencies = (
				5A9D6F6F25FFBCBA00D775C7 /* PBXTargetDependency */,
			);
			name = ParstagramUITests;
			productName = ParstagramUITests;
			productReference = 5A9D6F6D25FFBCBA00D775C7 /* ParstagramUITests.xctest */;
			productType = "com.apple.product-type.bundle.ui-testing";
		};
/* End PBXNativeTarget section */

/* Begin PBXProject section */
		5A9D6F4425FFBCB800D775C7 /* Project object */ = {
			isa = PBXProject;
			attributes = {
				LastSwiftUpdateCheck = 1240;
				LastUpgradeCheck = 1240;
				TargetAttributes = {
					5A9D6F4B25FFBCB800D775C7 = {
						CreatedOnToolsVersion = 12.4;
					};
					5A9D6F6125FFBCBA00D775C7 = {
						CreatedOnToolsVersion = 12.4;
						TestTargetID = 5A9D6F4B25FFBCB800D775C7;
					};
					5A9D6F6C25FFBCBA00D775C7 = {
						CreatedOnToolsVersion = 12.4;
						TestTargetID = 5A9D6F4B25FFBCB800D775C7;
					};
				};
			};
			buildConfigurationList = 5A9D6F4725FFBCB800D775C7 /* Build configuration list for PBXProject "Parstagram" */;
			compatibilityVersion = "Xcode 9.3";
			developmentRegion = en;
			hasScannedForEncodings = 0;
			knownRegions = (
				en,
				Base,
			);
			mainGroup = 5A9D6F4325FFBCB800D775C7;
			productRefGroup = 5A9D6F4D25FFBCB800D775C7 /* Products */;
			projectDirPath = "";
			projectRoot = "";
			targets = (
				5A9D6F4B25FFBCB800D775C7 /* Parstagram */,
				5A9D6F6125FFBCBA00D775C7 /* ParstagramTests */,
				5A9D6F6C25FFBCBA00D775C7 /* ParstagramUITests */,
			);
		};
/* End PBXProject section */

/* Begin PBXResourcesBuildPhase section */
		5A9D6F4A25FFBCB800D775C7 /* Resources */ = {
			isa = PBXResourcesBuildPhase;
			buildActionMask = 2147483647;
			files = (
				5A9D6F5C25FFBCBA00D775C7 /* LaunchScreen.storyboard in Resources */,
				5A9D6F5925FFBCBA00D775C7 /* Assets.xcassets in Resources */,
				5A9D6F5725FFBCB800D775C7 /* Main.storyboard in Resources */,
			);
			runOnlyForDeploymentPostprocessing = 0;
		};
		5A9D6F6025FFBCBA00D775C7 /* Resources */ = {
			isa = PBXResourcesBuildPhase;
			buildActionMask = 2147483647;
			files = (
			);
			runOnlyForDeploymentPostprocessing = 0;
		};
		5A9D6F6B25FFBCBA00D775C7 /* Resources */ = {
			isa = PBXResourcesBuildPhase;
			buildActionMask = 2147483647;
			files = (
			);
			runOnlyForDeploymentPostprocessing = 0;
		};
/* End PBXResourcesBuildPhase section */

/* Begin PBXShellScriptBuildPhase section */
		8B64B47439B25788CB7A6695 /* [CP] Check Pods Manifest.lock */ = {
			isa = PBXShellScriptBuildPhase;
			buildActionMask = 2147483647;
			files = (
			);
			inputFileListPaths = (
			);
			inputPaths = (
				"${PODS_PODFILE_DIR_PATH}/Podfile.lock",
				"${PODS_ROOT}/Manifest.lock",
			);
			name = "[CP] Check Pods Manifest.lock";
			outputFileListPaths = (
			);
			outputPaths = (
				"$(DERIVED_FILE_DIR)/Pods-ParstagramTests-checkManifestLockResult.txt",
			);
			runOnlyForDeploymentPostprocessing = 0;
			shellPath = /bin/sh;
			shellScript = "diff \"${PODS_PODFILE_DIR_PATH}/Podfile.lock\" \"${PODS_ROOT}/Manifest.lock\" > /dev/null\nif [ $? != 0 ] ; then\n    # print error to STDERR\n    echo \"error: The sandbox is not in sync with the Podfile.lock. Run 'pod install' or update your CocoaPods installation.\" >&2\n    exit 1\nfi\n# This output is used by Xcode 'outputs' to avoid re-running this script phase.\necho \"SUCCESS\" > \"${SCRIPT_OUTPUT_FILE_0}\"\n";
			showEnvVarsInLog = 0;
		};
		A7B1356BD42C90D5FF9A28C5 /* [CP] Check Pods Manifest.lock */ = {
			isa = PBXShellScriptBuildPhase;
			buildActionMask = 2147483647;
			files = (
			);
			inputFileListPaths = (
			);
			inputPaths = (
				"${PODS_PODFILE_DIR_PATH}/Podfile.lock",
				"${PODS_ROOT}/Manifest.lock",
			);
			name = "[CP] Check Pods Manifest.lock";
			outputFileListPaths = (
			);
			outputPaths = (
				"$(DERIVED_FILE_DIR)/Pods-Parstagram-ParstagramUITests-checkManifestLockResult.txt",
			);
			runOnlyForDeploymentPostprocessing = 0;
			shellPath = /bin/sh;
			shellScript = "diff \"${PODS_PODFILE_DIR_PATH}/Podfile.lock\" \"${PODS_ROOT}/Manifest.lock\" > /dev/null\nif [ $? != 0 ] ; then\n    # print error to STDERR\n    echo \"error: The sandbox is not in sync with the Podfile.lock. Run 'pod install' or update your CocoaPods installation.\" >&2\n    exit 1\nfi\n# This output is used by Xcode 'outputs' to avoid re-running this script phase.\necho \"SUCCESS\" > \"${SCRIPT_OUTPUT_FILE_0}\"\n";
			showEnvVarsInLog = 0;
		};
		DF0A43C1929623B245DA30C6 /* [CP] Embed Pods Frameworks */ = {
			isa = PBXShellScriptBuildPhase;
			buildActionMask = 2147483647;
			files = (
			);
			inputFileListPaths = (
				"${PODS_ROOT}/Target Support Files/Pods-Parstagram-ParstagramUITests/Pods-Parstagram-ParstagramUITests-frameworks-${CONFIGURATION}-input-files.xcfilelist",
			);
			name = "[CP] Embed Pods Frameworks";
			outputFileListPaths = (
				"${PODS_ROOT}/Target Support Files/Pods-Parstagram-ParstagramUITests/Pods-Parstagram-ParstagramUITests-frameworks-${CONFIGURATION}-output-files.xcfilelist",
			);
			runOnlyForDeploymentPostprocessing = 0;
			shellPath = /bin/sh;
			shellScript = "\"${PODS_ROOT}/Target Support Files/Pods-Parstagram-ParstagramUITests/Pods-Parstagram-ParstagramUITests-frameworks.sh\"\n";
			showEnvVarsInLog = 0;
		};
		E3521B062AAC1395E79B2212 /* [CP] Embed Pods Frameworks */ = {
			isa = PBXShellScriptBuildPhase;
			buildActionMask = 2147483647;
			files = (
			);
			inputFileListPaths = (
				"${PODS_ROOT}/Target Support Files/Pods-Parstagram/Pods-Parstagram-frameworks-${CONFIGURATION}-input-files.xcfilelist",
			);
			name = "[CP] Embed Pods Frameworks";
			outputFileListPaths = (
				"${PODS_ROOT}/Target Support Files/Pods-Parstagram/Pods-Parstagram-frameworks-${CONFIGURATION}-output-files.xcfilelist",
			);
			runOnlyForDeploymentPostprocessing = 0;
			shellPath = /bin/sh;
			shellScript = "\"${PODS_ROOT}/Target Support Files/Pods-Parstagram/Pods-Parstagram-frameworks.sh\"\n";
			showEnvVarsInLog = 0;
		};
		FE6747121A7489460880C750 /* [CP] Check Pods Manifest.lock */ = {
			isa = PBXShellScriptBuildPhase;
			buildActionMask = 2147483647;
			files = (
			);
			inputFileListPaths = (
			);
			inputPaths = (
				"${PODS_PODFILE_DIR_PATH}/Podfile.lock",
				"${PODS_ROOT}/Manifest.lock",
			);
			name = "[CP] Check Pods Manifest.lock";
			outputFileListPaths = (
			);
			outputPaths = (
				"$(DERIVED_FILE_DIR)/Pods-Parstagram-checkManifestLockResult.txt",
			);
			runOnlyForDeploymentPostprocessing = 0;
			shellPath = /bin/sh;
			shellScript = "diff \"${PODS_PODFILE_DIR_PATH}/Podfile.lock\" \"${PODS_ROOT}/Manifest.lock\" > /dev/null\nif [ $? != 0 ] ; then\n    # print error to STDERR\n    echo \"error: The sandbox is not in sync with the Podfile.lock. Run 'pod install' or update your CocoaPods installation.\" >&2\n    exit 1\nfi\n# This output is used by Xcode 'outputs' to avoid re-running this script phase.\necho \"SUCCESS\" > \"${SCRIPT_OUTPUT_FILE_0}\"\n";
			showEnvVarsInLog = 0;
		};
/* End PBXShellScriptBuildPhase section */

/* Begin PBXSourcesBuildPhase section */
		5A9D6F4825FFBCB800D775C7 /* Sources */ = {
			isa = PBXSourcesBuildPhase;
			buildActionMask = 2147483647;
			files = (
				5A9D6FA525FFC0D300D775C7 /* LoginViewController.swift in Sources */,
				5A9D6FAA25FFD15C00D775C7 /* CameraViewController.swift in Sources */,
				5A9D6F5025FFBCB800D775C7 /* AppDelegate.swift in Sources */,
				5A9D6F9D25FFC0C000D775C7 /* FeedViewController.swift in Sources */,
				5A9D6F5225FFBCB800D775C7 /* SceneDelegate.swift in Sources */,
				5A2499F72605789D003E5668 /* PostCell.swift in Sources */,
			);
			runOnlyForDeploymentPostprocessing = 0;
		};
		5A9D6F5E25FFBCBA00D775C7 /* Sources */ = {
			isa = PBXSourcesBuildPhase;
			buildActionMask = 2147483647;
			files = (
				5A9D6F6725FFBCBA00D775C7 /* ParstagramTests.swift in Sources */,
			);
			runOnlyForDeploymentPostprocessing = 0;
		};
		5A9D6F6925FFBCBA00D775C7 /* Sources */ = {
			isa = PBXSourcesBuildPhase;
			buildActionMask = 2147483647;
			files = (
				5A9D6F7225FFBCBA00D775C7 /* ParstagramUITests.swift in Sources */,
			);
			runOnlyForDeploymentPostprocessing = 0;
		};
/* End PBXSourcesBuildPhase section */

/* Begin PBXTargetDependency section */
		5A9D6F6425FFBCBA00D775C7 /* PBXTargetDependency */ = {
			isa = PBXTargetDependency;
			target = 5A9D6F4B25FFBCB800D775C7 /* Parstagram */;
			targetProxy = 5A9D6F6325FFBCBA00D775C7 /* PBXContainerItemProxy */;
		};
		5A9D6F6F25FFBCBA00D775C7 /* PBXTargetDependency */ = {
			isa = PBXTargetDependency;
			target = 5A9D6F4B25FFBCB800D775C7 /* Parstagram */;
			targetProxy = 5A9D6F6E25FFBCBA00D775C7 /* PBXContainerItemProxy */;
		};
/* End PBXTargetDependency section */

/* Begin PBXVariantGroup section */
		5A9D6F5525FFBCB800D775C7 /* Main.storyboard */ = {
			isa = PBXVariantGroup;
			children = (
				5A9D6F5625FFBCB800D775C7 /* Base */,
			);
			name = Main.storyboard;
			sourceTree = "<group>";
		};
		5A9D6F5A25FFBCBA00D775C7 /* LaunchScreen.storyboard */ = {
			isa = PBXVariantGroup;
			children = (
				5A9D6F5B25FFBCBA00D775C7 /* Base */,
			);
			name = LaunchScreen.storyboard;
			sourceTree = "<group>";
		};
/* End PBXVariantGroup section */

/* Begin XCBuildConfiguration section */
		5A9D6F7425FFBCBA00D775C7 /* Debug */ = {
			isa = XCBuildConfiguration;
			buildSettings = {
				ALWAYS_SEARCH_USER_PATHS = NO;
				CLANG_ANALYZER_NONNULL = YES;
				CLANG_ANALYZER_NUMBER_OBJECT_CONVERSION = YES_AGGRESSIVE;
				CLANG_CXX_LANGUAGE_STANDARD = "gnu++14";
				CLANG_CXX_LIBRARY = "libc++";
				CLANG_ENABLE_MODULES = YES;
				CLANG_ENABLE_OBJC_ARC = YES;
				CLANG_ENABLE_OBJC_WEAK = YES;
				CLANG_WARN_BLOCK_CAPTURE_AUTORELEASING = YES;
				CLANG_WARN_BOOL_CONVERSION = YES;
				CLANG_WARN_COMMA = YES;
				CLANG_WARN_CONSTANT_CONVERSION = YES;
				CLANG_WARN_DEPRECATED_OBJC_IMPLEMENTATIONS = YES;
				CLANG_WARN_DIRECT_OBJC_ISA_USAGE = YES_ERROR;
				CLANG_WARN_DOCUMENTATION_COMMENTS = YES;
				CLANG_WARN_EMPTY_BODY = YES;
				CLANG_WARN_ENUM_CONVERSION = YES;
				CLANG_WARN_INFINITE_RECURSION = YES;
				CLANG_WARN_INT_CONVERSION = YES;
				CLANG_WARN_NON_LITERAL_NULL_CONVERSION = YES;
				CLANG_WARN_OBJC_IMPLICIT_RETAIN_SELF = YES;
				CLANG_WARN_OBJC_LITERAL_CONVERSION = YES;
				CLANG_WARN_OBJC_ROOT_CLASS = YES_ERROR;
				CLANG_WARN_QUOTED_INCLUDE_IN_FRAMEWORK_HEADER = YES;
				CLANG_WARN_RANGE_LOOP_ANALYSIS = YES;
				CLANG_WARN_STRICT_PROTOTYPES = YES;
				CLANG_WARN_SUSPICIOUS_MOVE = YES;
				CLANG_WARN_UNGUARDED_AVAILABILITY = YES_AGGRESSIVE;
				CLANG_WARN_UNREACHABLE_CODE = YES;
				CLANG_WARN__DUPLICATE_METHOD_MATCH = YES;
				COPY_PHASE_STRIP = NO;
				DEBUG_INFORMATION_FORMAT = dwarf;
				ENABLE_STRICT_OBJC_MSGSEND = YES;
				ENABLE_TESTABILITY = YES;
				GCC_C_LANGUAGE_STANDARD = gnu11;
				GCC_DYNAMIC_NO_PIC = NO;
				GCC_NO_COMMON_BLOCKS = YES;
				GCC_OPTIMIZATION_LEVEL = 0;
				GCC_PREPROCESSOR_DEFINITIONS = (
					"DEBUG=1",
					"$(inherited)",
				);
				GCC_WARN_64_TO_32_BIT_CONVERSION = YES;
				GCC_WARN_ABOUT_RETURN_TYPE = YES_ERROR;
				GCC_WARN_UNDECLARED_SELECTOR = YES;
				GCC_WARN_UNINITIALIZED_AUTOS = YES_AGGRESSIVE;
				GCC_WARN_UNUSED_FUNCTION = YES;
				GCC_WARN_UNUSED_VARIABLE = YES;
				IPHONEOS_DEPLOYMENT_TARGET = 14.4;
				MTL_ENABLE_DEBUG_INFO = INCLUDE_SOURCE;
				MTL_FAST_MATH = YES;
				ONLY_ACTIVE_ARCH = YES;
				SDKROOT = iphoneos;
				SWIFT_ACTIVE_COMPILATION_CONDITIONS = DEBUG;
				SWIFT_OPTIMIZATION_LEVEL = "-Onone";
			};
			name = Debug;
		};
		5A9D6F7525FFBCBA00D775C7 /* Release */ = {
			isa = XCBuildConfiguration;
			buildSettings = {
				ALWAYS_SEARCH_USER_PATHS = NO;
				CLANG_ANALYZER_NONNULL = YES;
				CLANG_ANALYZER_NUMBER_OBJECT_CONVERSION = YES_AGGRESSIVE;
				CLANG_CXX_LANGUAGE_STANDARD = "gnu++14";
				CLANG_CXX_LIBRARY = "libc++";
				CLANG_ENABLE_MODULES = YES;
				CLANG_ENABLE_OBJC_ARC = YES;
				CLANG_ENABLE_OBJC_WEAK = YES;
				CLANG_WARN_BLOCK_CAPTURE_AUTORELEASING = YES;
				CLANG_WARN_BOOL_CONVERSION = YES;
				CLANG_WARN_COMMA = YES;
				CLANG_WARN_CONSTANT_CONVERSION = YES;
				CLANG_WARN_DEPRECATED_OBJC_IMPLEMENTATIONS = YES;
				CLANG_WARN_DIRECT_OBJC_ISA_USAGE = YES_ERROR;
				CLANG_WARN_DOCUMENTATION_COMMENTS = YES;
				CLANG_WARN_EMPTY_BODY = YES;
				CLANG_WARN_ENUM_CONVERSION = YES;
				CLANG_WARN_INFINITE_RECURSION = YES;
				CLANG_WARN_INT_CONVERSION = YES;
				CLANG_WARN_NON_LITERAL_NULL_CONVERSION = YES;
				CLANG_WARN_OBJC_IMPLICIT_RETAIN_SELF = YES;
				CLANG_WARN_OBJC_LITERAL_CONVERSION = YES;
				CLANG_WARN_OBJC_ROOT_CLASS = YES_ERROR;
				CLANG_WARN_QUOTED_INCLUDE_IN_FRAMEWORK_HEADER = YES;
				CLANG_WARN_RANGE_LOOP_ANALYSIS = YES;
				CLANG_WARN_STRICT_PROTOTYPES = YES;
				CLANG_WARN_SUSPICIOUS_MOVE = YES;
				CLANG_WARN_UNGUARDED_AVAILABILITY = YES_AGGRESSIVE;
				CLANG_WARN_UNREACHABLE_CODE = YES;
				CLANG_WARN__DUPLICATE_METHOD_MATCH = YES;
				COPY_PHASE_STRIP = NO;
				DEBUG_INFORMATION_FORMAT = "dwarf-with-dsym";
				ENABLE_NS_ASSERTIONS = NO;
				ENABLE_STRICT_OBJC_MSGSEND = YES;
				GCC_C_LANGUAGE_STANDARD = gnu11;
				GCC_NO_COMMON_BLOCKS = YES;
				GCC_WARN_64_TO_32_BIT_CONVERSION = YES;
				GCC_WARN_ABOUT_RETURN_TYPE = YES_ERROR;
				GCC_WARN_UNDECLARED_SELECTOR = YES;
				GCC_WARN_UNINITIALIZED_AUTOS = YES_AGGRESSIVE;
				GCC_WARN_UNUSED_FUNCTION = YES;
				GCC_WARN_UNUSED_VARIABLE = YES;
				IPHONEOS_DEPLOYMENT_TARGET = 14.4;
				MTL_ENABLE_DEBUG_INFO = NO;
				MTL_FAST_MATH = YES;
				SDKROOT = iphoneos;
				SWIFT_COMPILATION_MODE = wholemodule;
				SWIFT_OPTIMIZATION_LEVEL = "-O";
				VALIDATE_PRODUCT = YES;
			};
			name = Release;
		};
		5A9D6F7725FFBCBA00D775C7 /* Debug */ = {
			isa = XCBuildConfiguration;
			baseConfigurationReference = 7C39A7BD9E65DF3EF95F3F2E /* Pods-Parstagram.debug.xcconfig */;
			buildSettings = {
				ASSETCATALOG_COMPILER_APPICON_NAME = AppIcon;
				ASSETCATALOG_COMPILER_GLOBAL_ACCENT_COLOR_NAME = AccentColor;
				CODE_SIGN_STYLE = Automatic;
				DEVELOPMENT_TEAM = 6CN3C53JBQ;
				INFOPLIST_FILE = Parstagram/Info.plist;
				LD_RUNPATH_SEARCH_PATHS = (
					"$(inherited)",
					"@executable_path/Frameworks",
				);
				PRODUCT_BUNDLE_IDENTIFIER = ugurcandemir.Parstagram;
				PRODUCT_NAME = "$(TARGET_NAME)";
				SWIFT_VERSION = 5.0;
				TARGETED_DEVICE_FAMILY = "1,2";
			};
			name = Debug;
		};
		5A9D6F7825FFBCBA00D775C7 /* Release */ = {
			isa = XCBuildConfiguration;
			baseConfigurationReference = D24C7F45B8626A22D83B7308 /* Pods-Parstagram.release.xcconfig */;
			buildSettings = {
				ASSETCATALOG_COMPILER_APPICON_NAME = AppIcon;
				ASSETCATALOG_COMPILER_GLOBAL_ACCENT_COLOR_NAME = AccentColor;
				CODE_SIGN_STYLE = Automatic;
				DEVELOPMENT_TEAM = 6CN3C53JBQ;
				INFOPLIST_FILE = Parstagram/Info.plist;
				LD_RUNPATH_SEARCH_PATHS = (
					"$(inherited)",
					"@executable_path/Frameworks",
				);
				PRODUCT_BUNDLE_IDENTIFIER = ugurcandemir.Parstagram;
				PRODUCT_NAME = "$(TARGET_NAME)";
				SWIFT_VERSION = 5.0;
				TARGETED_DEVICE_FAMILY = "1,2";
			};
			name = Release;
		};
		5A9D6F7A25FFBCBA00D775C7 /* Debug */ = {
			isa = XCBuildConfiguration;
			baseConfigurationReference = 7E64DB9DBC3117ED26B62963 /* Pods-ParstagramTests.debug.xcconfig */;
			buildSettings = {
				ALWAYS_EMBED_SWIFT_STANDARD_LIBRARIES = YES;
				BUNDLE_LOADER = "$(TEST_HOST)";
				CODE_SIGN_STYLE = Automatic;
				DEVELOPMENT_TEAM = 6CN3C53JBQ;
				INFOPLIST_FILE = ParstagramTests/Info.plist;
				IPHONEOS_DEPLOYMENT_TARGET = 14.4;
				LD_RUNPATH_SEARCH_PATHS = (
					"$(inherited)",
					"@executable_path/Frameworks",
					"@loader_path/Frameworks",
				);
				PRODUCT_BUNDLE_IDENTIFIER = ugurcandemir.ParstagramTests;
				PRODUCT_NAME = "$(TARGET_NAME)";
				SWIFT_VERSION = 5.0;
				TARGETED_DEVICE_FAMILY = "1,2";
				TEST_HOST = "$(BUILT_PRODUCTS_DIR)/Parstagram.app/Parstagram";
			};
			name = Debug;
		};
		5A9D6F7B25FFBCBA00D775C7 /* Release */ = {
			isa = XCBuildConfiguration;
			baseConfigurationReference = 55356DF1486C4EE2F396C234 /* Pods-ParstagramTests.release.xcconfig */;
			buildSettings = {
				ALWAYS_EMBED_SWIFT_STANDARD_LIBRARIES = YES;
				BUNDLE_LOADER = "$(TEST_HOST)";
				CODE_SIGN_STYLE = Automatic;
				DEVELOPMENT_TEAM = 6CN3C53JBQ;
				INFOPLIST_FILE = ParstagramTests/Info.plist;
				IPHONEOS_DEPLOYMENT_TARGET = 14.4;
				LD_RUNPATH_SEARCH_PATHS = (
					"$(inherited)",
					"@executable_path/Frameworks",
					"@loader_path/Frameworks",
				);
				PRODUCT_BUNDLE_IDENTIFIER = ugurcandemir.ParstagramTests;
				PRODUCT_NAME = "$(TARGET_NAME)";
				SWIFT_VERSION = 5.0;
				TARGETED_DEVICE_FAMILY = "1,2";
				TEST_HOST = "$(BUILT_PRODUCTS_DIR)/Parstagram.app/Parstagram";
			};
			name = Release;
		};
		5A9D6F7D25FFBCBA00D775C7 /* Debug */ = {
			isa = XCBuildConfiguration;
			baseConfigurationReference = 2220BACF82F12CEAB414DB5F /* Pods-Parstagram-ParstagramUITests.debug.xcconfig */;
			buildSettings = {
				ALWAYS_EMBED_SWIFT_STANDARD_LIBRARIES = YES;
				CODE_SIGN_STYLE = Automatic;
				DEVELOPMENT_TEAM = 6CN3C53JBQ;
				INFOPLIST_FILE = ParstagramUITests/Info.plist;
				LD_RUNPATH_SEARCH_PATHS = (
					"$(inherited)",
					"@executable_path/Frameworks",
					"@loader_path/Frameworks",
				);
				PRODUCT_BUNDLE_IDENTIFIER = ugurcandemir.ParstagramUITests;
				PRODUCT_NAME = "$(TARGET_NAME)";
				SWIFT_VERSION = 5.0;
				TARGETED_DEVICE_FAMILY = "1,2";
				TEST_TARGET_NAME = Parstagram;
			};
			name = Debug;
		};
		5A9D6F7E25FFBCBA00D775C7 /* Release */ = {
			isa = XCBuildConfiguration;
			baseConfigurationReference = 8E7786E74AFD8C995229CC80 /* Pods-Parstagram-ParstagramUITests.release.xcconfig */;
			buildSettings = {
				ALWAYS_EMBED_SWIFT_STANDARD_LIBRARIES = YES;
				CODE_SIGN_STYLE = Automatic;
				DEVELOPMENT_TEAM = 6CN3C53JBQ;
				INFOPLIST_FILE = ParstagramUITests/Info.plist;
				LD_RUNPATH_SEARCH_PATHS = (
					"$(inherited)",
					"@executable_path/Frameworks",
					"@loader_path/Frameworks",
				);
				PRODUCT_BUNDLE_IDENTIFIER = ugurcandemir.ParstagramUITests;
				PRODUCT_NAME = "$(TARGET_NAME)";
				SWIFT_VERSION = 5.0;
				TARGETED_DEVICE_FAMILY = "1,2";
				TEST_TARGET_NAME = Parstagram;
			};
			name = Release;
		};
/* End XCBuildConfiguration section */

/* Begin XCConfigurationList section */
		5A9D6F4725FFBCB800D775C7 /* Build configuration list for PBXProject "Parstagram" */ = {
			isa = XCConfigurationList;
			buildConfigurations = (
				5A9D6F7425FFBCBA00D775C7 /* Debug */,
				5A9D6F7525FFBCBA00D775C7 /* Release */,
			);
			defaultConfigurationIsVisible = 0;
			defaultConfigurationName = Release;
		};
		5A9D6F7625FFBCBA00D775C7 /* Build configuration list for PBXNativeTarget "Parstagram" */ = {
			isa = XCConfigurationList;
			buildConfigurations = (
				5A9D6F7725FFBCBA00D775C7 /* Debug */,
				5A9D6F7825FFBCBA00D775C7 /* Release */,
			);
			defaultConfigurationIsVisible = 0;
			defaultConfigurationName = Release;
		};
		5A9D6F7925FFBCBA00D775C7 /* Build configuration list for PBXNativeTarget "ParstagramTests" */ = {
			isa = XCConfigurationList;
			buildConfigurations = (
				5A9D6F7A25FFBCBA00D775C7 /* Debug */,
				5A9D6F7B25FFBCBA00D775C7 /* Release */,
			);
			defaultConfigurationIsVisible = 0;
			defaultConfigurationName = Release;
		};
		5A9D6F7C25FFBCBA00D775C7 /* Build configuration list for PBXNativeTarget "ParstagramUITests" */ = {
			isa = XCConfigurationList;
			buildConfigurations = (
				5A9D6F7D25FFBCBA00D775C7 /* Debug */,
				5A9D6F7E25FFBCBA00D775C7 /* Release */,
			);
			defaultConfigurationIsVisible = 0;
			defaultConfigurationName = Release;
		};
/* End XCConfigurationList section */
	};
	rootObject = 5A9D6F4425FFBCB800D775C7 /* Project object */;
}
